
Microsoft Visual Studio Solution File, Format Version 12.00
# Visual Studio Version 17
VisualStudioVersion = 17.4.33103.184
MinimumVisualStudioVersion = 10.0.40219.1
Project("{FAE04EC0-301F-11D3-BF4B-00C04F79EFBC}") = "Lyakhov_lab2", "Lyakhov_lab2.csproj", "{239ECAD6-E3E5-43A4-9136-E0E2C88A1A92}"
EndProject
Global
	GlobalSection(SolutionConfigurationPlatforms) = preSolution
		Debug|Any CPU = Debug|Any CPU
		Release|Any CPU = Release|Any CPU
	EndGlobalSection
	GlobalSection(ProjectConfigurationPlatforms) = postSolution
		{239ECAD6-E3E5-43A4-9136-E0E2C88A1A92}.Debug|Any CPU.ActiveCfg = Debug|Any CPU
		{239ECAD6-E3E5-43A4-9136-E0E2C88A1A92}.Debug|Any CPU.Build.0 = Debug|Any CPU
		{239ECAD6-E3E5-43A4-9136-E0E2C88A1A92}.Release|Any CPU.ActiveCfg = Release|Any CPU
		{239ECAD6-E3E5-43A4-9136-E0E2C88A1A92}.Release|Any CPU.Build.0 = Release|Any CPU
	EndGlobalSection
	GlobalSection(SolutionProperties) = preSolution
		HideSolutionNode = FALSE
	EndGlobalSection
	GlobalSection(ExtensibilityGlobals) = postSolution
		SolutionGuid = {5FBDA840-1E5C-4594-98E3-4E2BC91486BF}
	EndGlobalSection
EndGlobal
